
Microsoft Visual Studio Solution File, Format Version 12.00
# Visual Studio 15
VisualStudioVersion = 15.0.26124.0
MinimumVisualStudioVersion = 15.0.26124.0
Project("{2150E333-8FDC-42A3-9474-1A3956D46DE8}") = "src", "src", "{00A09AEA-44B0-4993-BD02-EC95A1F25D79}"
EndProject
Project("{FAE04EC0-301F-11D3-BF4B-00C04F79EFBC}") = "DammitBot.Console", "src\DammitBot.Console\DammitBot.Console.csproj", "{7EE6790F-3080-4F06-BD98-F6554F05AD36}"
EndProject
Project("{FAE04EC0-301F-11D3-BF4B-00C04F79EFBC}") = "DammitBot.Core", "src\DammitBot.Core\DammitBot.Core.csproj", "{A297B0C2-9987-4C73-8C76-0E77EA8B646D}"
EndProject
Project("{FAE04EC0-301F-11D3-BF4B-00C04F79EFBC}") = "DammitBot.Plugins.Protocols.Irc", "src\DammitBot.Plugins.Protocols.Irc\DammitBot.Plugins.Protocols.Irc.csproj", "{8966D29A-F9C8-4382-93EA-8F295C8D9D31}"
EndProject
Project("{FAE04EC0-301F-11D3-BF4B-00C04F79EFBC}") = "DammitBot.Plugins.Data", "src\DammitBot.Plugins.Data\DammitBot.Plugins.Data.csproj", "{9C7BDD9B-CE14-4FE1-ADE0-18FE7AE0251E}"
EndProject
Project("{FAE04EC0-301F-11D3-BF4B-00C04F79EFBC}") = "DammitBot.Plugins.Commands", "src\DammitBot.Plugins.Commands\DammitBot.Plugins.Commands.csproj", "{CBA83740-4BB0-46FD-BDE8-04169F2CD593}"
EndProject
Project("{FAE04EC0-301F-11D3-BF4B-00C04F79EFBC}") = "DammitBot.Plugins.Data.Dapper", "src\DammitBot.Plugins.Data.Dapper\DammitBot.Plugins.Data.Dapper.csproj", "{A2C997D7-38FA-4127-A06F-DCE03DC4B0BF}"
EndProject
Project("{FAE04EC0-301F-11D3-BF4B-00C04F79EFBC}") = "DammitBot.Plugins.Data.AutoMigrations", "src\DammitBot.Plugins.Data.AutoMigrations\DammitBot.Plugins.Data.AutoMigrations.csproj", "{3E14915E-3307-4B56-866C-8EDF72F2B507}"
EndProject
Project("{FAE04EC0-301F-11D3-BF4B-00C04F79EFBC}") = "DammitBot.Plugins.MessageLogging", "src\DammitBot.Plugins.MessageLogging\DammitBot.Plugins.MessageLogging.csproj", "{C01B5235-0B27-465D-9CAB-DEB04AF697CE}"
EndProject
Project("{FAE04EC0-301F-11D3-BF4B-00C04F79EFBC}") = "DammitBot.Plugins.Scheduling", "src\DammitBot.Plugins.Scheduling\DammitBot.Plugins.Scheduling.csproj", "{F86D9FD3-9598-4C96-8DC6-30BC2D0432A2}"
EndProject
Project("{FAE04EC0-301F-11D3-BF4B-00C04F79EFBC}") = "DammitBot.Plugins.Data.Migrations", "src\DammitBot.Plugins.Data.Migrations\DammitBot.Plugins.Data.Migrations.csproj", "{5A1CD782-E978-43AF-9B8A-2286B2B68398}"
EndProject
Project("{FAE04EC0-301F-11D3-BF4B-00C04F79EFBC}") = "DammitBot.Plugins.Reminders", "src\DammitBot.Plugins.Reminders\DammitBot.Plugins.Reminders.csproj", "{77F1DC87-005F-4C25-9F59-EA4647B831C8}"
EndProject
Project("{FAE04EC0-301F-11D3-BF4B-00C04F79EFBC}") = "DammitBot.Plugins.Reminders.Migrations", "src\DammitBot.Plugins.Reminders.Migrations\DammitBot.Plugins.Reminders.Migrations.csproj", "{E5512864-005B-4D15-9D76-FE34F3455C30}"
EndProject
Project("{FAE04EC0-301F-11D3-BF4B-00C04F79EFBC}") = "DateTimeStringParser", "src\DateTimeStringParser\DateTimeStringParser.csproj", "{E9D449E1-2286-4924-84A5-1F28C37E87EF}"
EndProject
Project("{2150E333-8FDC-42A3-9474-1A3956D46DE8}") = "tests", "tests", "{42EF46B9-2064-467D-8C09-1C2B067F3C73}"
EndProject
Project("{FAE04EC0-301F-11D3-BF4B-00C04F79EFBC}") = "DammitBot.Tests", "tests\DammitBot.Tests\DammitBot.Tests.csproj", "{AD3DB68C-20DE-4CC6-BAE2-01CB842267B4}"
EndProject
Project("{FAE04EC0-301F-11D3-BF4B-00C04F79EFBC}") = "DammitBot.Plugins.Reminders.Dapper", "src\DammitBot.Plugins.Reminders.Dapper\DammitBot.Plugins.Reminders.Dapper.csproj", "{A09CE7CC-9E6A-4435-8BE6-6287E6C4A3F1}"
EndProject
Project("{FAE04EC0-301F-11D3-BF4B-00C04F79EFBC}") = "DammitBot.Plugins.Commands.Die", "src\DammitBot.Plugins.Commands.Die\DammitBot.Plugins.Commands.Die.csproj", "{322A3FDB-BF87-42A4-AFA1-2D2632078D24}"
EndProject
Project("{FAE04EC0-301F-11D3-BF4B-00C04F79EFBC}") = "DammitBot.Plugins.Commands.Help", "src\DammitBot.Plugins.Commands.Help\DammitBot.Plugins.Commands.Help.csproj", "{416B9A02-AC1D-4E69-940C-091467AA4087}"
EndProject
Project("{FAE04EC0-301F-11D3-BF4B-00C04F79EFBC}") = "DammitBot.Plugins.Protocols.Console", "src\DammitBot.Plugins.Protocols.Console\DammitBot.Plugins.Protocols.Console.csproj", "{652D4D96-4EF1-4917-A515-B1E53477ADF9}"
EndProject
Project("{FAE04EC0-301F-11D3-BF4B-00C04F79EFBC}") = "DammitBot.Plugins.Protocols.Irc.IrcDotNet", "src\DammitBot.Plugins.Protocols.Irc.IrcDotNet\DammitBot.Plugins.Protocols.Irc.IrcDotNet.csproj", "{3B2875F6-05A6-407B-8C47-19D9B316FFC6}"
EndProject
Project("{FAE04EC0-301F-11D3-BF4B-00C04F79EFBC}") = "DateTimeProvider", "src\DateTimeProvider\DateTimeProvider.csproj", "{7745FD6F-1657-4DF3-8343-FCE442059984}"
EndProject
Global
	GlobalSection(SolutionConfigurationPlatforms) = preSolution
		Debug|Any CPU = Debug|Any CPU
		Debug|x64 = Debug|x64
		Debug|x86 = Debug|x86
		Release|Any CPU = Release|Any CPU
		Release|x64 = Release|x64
		Release|x86 = Release|x86
	EndGlobalSection
	GlobalSection(SolutionProperties) = preSolution
		HideSolutionNode = FALSE
	EndGlobalSection
	GlobalSection(ProjectConfigurationPlatforms) = postSolution
		{7EE6790F-3080-4F06-BD98-F6554F05AD36}.Debug|Any CPU.ActiveCfg = Debug|Any CPU
		{7EE6790F-3080-4F06-BD98-F6554F05AD36}.Debug|Any CPU.Build.0 = Debug|Any CPU
		{7EE6790F-3080-4F06-BD98-F6554F05AD36}.Debug|x64.ActiveCfg = Debug|x64
		{7EE6790F-3080-4F06-BD98-F6554F05AD36}.Debug|x64.Build.0 = Debug|x64
		{7EE6790F-3080-4F06-BD98-F6554F05AD36}.Debug|x86.ActiveCfg = Debug|x86
		{7EE6790F-3080-4F06-BD98-F6554F05AD36}.Debug|x86.Build.0 = Debug|x86
		{7EE6790F-3080-4F06-BD98-F6554F05AD36}.Release|Any CPU.ActiveCfg = Release|Any CPU
		{7EE6790F-3080-4F06-BD98-F6554F05AD36}.Release|Any CPU.Build.0 = Release|Any CPU
		{7EE6790F-3080-4F06-BD98-F6554F05AD36}.Release|x64.ActiveCfg = Release|x64
		{7EE6790F-3080-4F06-BD98-F6554F05AD36}.Release|x64.Build.0 = Release|x64
		{7EE6790F-3080-4F06-BD98-F6554F05AD36}.Release|x86.ActiveCfg = Release|x86
		{7EE6790F-3080-4F06-BD98-F6554F05AD36}.Release|x86.Build.0 = Release|x86
		{A297B0C2-9987-4C73-8C76-0E77EA8B646D}.Debug|Any CPU.ActiveCfg = Debug|Any CPU
		{A297B0C2-9987-4C73-8C76-0E77EA8B646D}.Debug|Any CPU.Build.0 = Debug|Any CPU
		{A297B0C2-9987-4C73-8C76-0E77EA8B646D}.Debug|x64.ActiveCfg = Debug|x64
		{A297B0C2-9987-4C73-8C76-0E77EA8B646D}.Debug|x64.Build.0 = Debug|x64
		{A297B0C2-9987-4C73-8C76-0E77EA8B646D}.Debug|x86.ActiveCfg = Debug|x86
		{A297B0C2-9987-4C73-8C76-0E77EA8B646D}.Debug|x86.Build.0 = Debug|x86
		{A297B0C2-9987-4C73-8C76-0E77EA8B646D}.Release|Any CPU.ActiveCfg = Release|Any CPU
		{A297B0C2-9987-4C73-8C76-0E77EA8B646D}.Release|Any CPU.Build.0 = Release|Any CPU
		{A297B0C2-9987-4C73-8C76-0E77EA8B646D}.Release|x64.ActiveCfg = Release|x64
		{A297B0C2-9987-4C73-8C76-0E77EA8B646D}.Release|x64.Build.0 = Release|x64
		{A297B0C2-9987-4C73-8C76-0E77EA8B646D}.Release|x86.ActiveCfg = Release|x86
		{A297B0C2-9987-4C73-8C76-0E77EA8B646D}.Release|x86.Build.0 = Release|x86
		{8966D29A-F9C8-4382-93EA-8F295C8D9D31}.Debug|Any CPU.ActiveCfg = Debug|Any CPU
		{8966D29A-F9C8-4382-93EA-8F295C8D9D31}.Debug|Any CPU.Build.0 = Debug|Any CPU
		{8966D29A-F9C8-4382-93EA-8F295C8D9D31}.Debug|x64.ActiveCfg = Debug|x64
		{8966D29A-F9C8-4382-93EA-8F295C8D9D31}.Debug|x64.Build.0 = Debug|x64
		{8966D29A-F9C8-4382-93EA-8F295C8D9D31}.Debug|x86.ActiveCfg = Debug|x86
		{8966D29A-F9C8-4382-93EA-8F295C8D9D31}.Debug|x86.Build.0 = Debug|x86
		{8966D29A-F9C8-4382-93EA-8F295C8D9D31}.Release|Any CPU.ActiveCfg = Release|Any CPU
		{8966D29A-F9C8-4382-93EA-8F295C8D9D31}.Release|Any CPU.Build.0 = Release|Any CPU
		{8966D29A-F9C8-4382-93EA-8F295C8D9D31}.Release|x64.ActiveCfg = Release|x64
		{8966D29A-F9C8-4382-93EA-8F295C8D9D31}.Release|x64.Build.0 = Release|x64
		{8966D29A-F9C8-4382-93EA-8F295C8D9D31}.Release|x86.ActiveCfg = Release|x86
		{8966D29A-F9C8-4382-93EA-8F295C8D9D31}.Release|x86.Build.0 = Release|x86
		{9C7BDD9B-CE14-4FE1-ADE0-18FE7AE0251E}.Debug|Any CPU.ActiveCfg = Debug|Any CPU
		{9C7BDD9B-CE14-4FE1-ADE0-18FE7AE0251E}.Debug|Any CPU.Build.0 = Debug|Any CPU
		{9C7BDD9B-CE14-4FE1-ADE0-18FE7AE0251E}.Debug|x64.ActiveCfg = Debug|x64
		{9C7BDD9B-CE14-4FE1-ADE0-18FE7AE0251E}.Debug|x64.Build.0 = Debug|x64
		{9C7BDD9B-CE14-4FE1-ADE0-18FE7AE0251E}.Debug|x86.ActiveCfg = Debug|x86
		{9C7BDD9B-CE14-4FE1-ADE0-18FE7AE0251E}.Debug|x86.Build.0 = Debug|x86
		{9C7BDD9B-CE14-4FE1-ADE0-18FE7AE0251E}.Release|Any CPU.ActiveCfg = Release|Any CPU
		{9C7BDD9B-CE14-4FE1-ADE0-18FE7AE0251E}.Release|Any CPU.Build.0 = Release|Any CPU
		{9C7BDD9B-CE14-4FE1-ADE0-18FE7AE0251E}.Release|x64.ActiveCfg = Release|x64
		{9C7BDD9B-CE14-4FE1-ADE0-18FE7AE0251E}.Release|x64.Build.0 = Release|x64
		{9C7BDD9B-CE14-4FE1-ADE0-18FE7AE0251E}.Release|x86.ActiveCfg = Release|x86
		{9C7BDD9B-CE14-4FE1-ADE0-18FE7AE0251E}.Release|x86.Build.0 = Release|x86
		{CBA83740-4BB0-46FD-BDE8-04169F2CD593}.Debug|Any CPU.ActiveCfg = Debug|Any CPU
		{CBA83740-4BB0-46FD-BDE8-04169F2CD593}.Debug|Any CPU.Build.0 = Debug|Any CPU
		{CBA83740-4BB0-46FD-BDE8-04169F2CD593}.Debug|x64.ActiveCfg = Debug|x64
		{CBA83740-4BB0-46FD-BDE8-04169F2CD593}.Debug|x64.Build.0 = Debug|x64
		{CBA83740-4BB0-46FD-BDE8-04169F2CD593}.Debug|x86.ActiveCfg = Debug|x86
		{CBA83740-4BB0-46FD-BDE8-04169F2CD593}.Debug|x86.Build.0 = Debug|x86
		{CBA83740-4BB0-46FD-BDE8-04169F2CD593}.Release|Any CPU.ActiveCfg = Release|Any CPU
		{CBA83740-4BB0-46FD-BDE8-04169F2CD593}.Release|Any CPU.Build.0 = Release|Any CPU
		{CBA83740-4BB0-46FD-BDE8-04169F2CD593}.Release|x64.ActiveCfg = Release|x64
		{CBA83740-4BB0-46FD-BDE8-04169F2CD593}.Release|x64.Build.0 = Release|x64
		{CBA83740-4BB0-46FD-BDE8-04169F2CD593}.Release|x86.ActiveCfg = Release|x86
		{CBA83740-4BB0-46FD-BDE8-04169F2CD593}.Release|x86.Build.0 = Release|x86
		{A2C997D7-38FA-4127-A06F-DCE03DC4B0BF}.Debug|Any CPU.ActiveCfg = Debug|Any CPU
		{A2C997D7-38FA-4127-A06F-DCE03DC4B0BF}.Debug|Any CPU.Build.0 = Debug|Any CPU
		{A2C997D7-38FA-4127-A06F-DCE03DC4B0BF}.Debug|x64.ActiveCfg = Debug|x64
		{A2C997D7-38FA-4127-A06F-DCE03DC4B0BF}.Debug|x64.Build.0 = Debug|x64
		{A2C997D7-38FA-4127-A06F-DCE03DC4B0BF}.Debug|x86.ActiveCfg = Debug|x86
		{A2C997D7-38FA-4127-A06F-DCE03DC4B0BF}.Debug|x86.Build.0 = Debug|x86
		{A2C997D7-38FA-4127-A06F-DCE03DC4B0BF}.Release|Any CPU.ActiveCfg = Release|Any CPU
		{A2C997D7-38FA-4127-A06F-DCE03DC4B0BF}.Release|Any CPU.Build.0 = Release|Any CPU
		{A2C997D7-38FA-4127-A06F-DCE03DC4B0BF}.Release|x64.ActiveCfg = Release|x64
		{A2C997D7-38FA-4127-A06F-DCE03DC4B0BF}.Release|x64.Build.0 = Release|x64
		{A2C997D7-38FA-4127-A06F-DCE03DC4B0BF}.Release|x86.ActiveCfg = Release|x86
		{A2C997D7-38FA-4127-A06F-DCE03DC4B0BF}.Release|x86.Build.0 = Release|x86
		{3E14915E-3307-4B56-866C-8EDF72F2B507}.Debug|Any CPU.ActiveCfg = Debug|Any CPU
		{3E14915E-3307-4B56-866C-8EDF72F2B507}.Debug|Any CPU.Build.0 = Debug|Any CPU
		{3E14915E-3307-4B56-866C-8EDF72F2B507}.Debug|x64.ActiveCfg = Debug|x64
		{3E14915E-3307-4B56-866C-8EDF72F2B507}.Debug|x64.Build.0 = Debug|x64
		{3E14915E-3307-4B56-866C-8EDF72F2B507}.Debug|x86.ActiveCfg = Debug|x86
		{3E14915E-3307-4B56-866C-8EDF72F2B507}.Debug|x86.Build.0 = Debug|x86
		{3E14915E-3307-4B56-866C-8EDF72F2B507}.Release|Any CPU.ActiveCfg = Release|Any CPU
		{3E14915E-3307-4B56-866C-8EDF72F2B507}.Release|Any CPU.Build.0 = Release|Any CPU
		{3E14915E-3307-4B56-866C-8EDF72F2B507}.Release|x64.ActiveCfg = Release|x64
		{3E14915E-3307-4B56-866C-8EDF72F2B507}.Release|x64.Build.0 = Release|x64
		{3E14915E-3307-4B56-866C-8EDF72F2B507}.Release|x86.ActiveCfg = Release|x86
		{3E14915E-3307-4B56-866C-8EDF72F2B507}.Release|x86.Build.0 = Release|x86
		{C01B5235-0B27-465D-9CAB-DEB04AF697CE}.Debug|Any CPU.ActiveCfg = Debug|Any CPU
		{C01B5235-0B27-465D-9CAB-DEB04AF697CE}.Debug|Any CPU.Build.0 = Debug|Any CPU
		{C01B5235-0B27-465D-9CAB-DEB04AF697CE}.Debug|x64.ActiveCfg = Debug|x64
		{C01B5235-0B27-465D-9CAB-DEB04AF697CE}.Debug|x64.Build.0 = Debug|x64
		{C01B5235-0B27-465D-9CAB-DEB04AF697CE}.Debug|x86.ActiveCfg = Debug|x86
		{C01B5235-0B27-465D-9CAB-DEB04AF697CE}.Debug|x86.Build.0 = Debug|x86
		{C01B5235-0B27-465D-9CAB-DEB04AF697CE}.Release|Any CPU.ActiveCfg = Release|Any CPU
		{C01B5235-0B27-465D-9CAB-DEB04AF697CE}.Release|Any CPU.Build.0 = Release|Any CPU
		{C01B5235-0B27-465D-9CAB-DEB04AF697CE}.Release|x64.ActiveCfg = Release|x64
		{C01B5235-0B27-465D-9CAB-DEB04AF697CE}.Release|x64.Build.0 = Release|x64
		{C01B5235-0B27-465D-9CAB-DEB04AF697CE}.Release|x86.ActiveCfg = Release|x86
		{C01B5235-0B27-465D-9CAB-DEB04AF697CE}.Release|x86.Build.0 = Release|x86
		{F86D9FD3-9598-4C96-8DC6-30BC2D0432A2}.Debug|Any CPU.ActiveCfg = Debug|Any CPU
		{F86D9FD3-9598-4C96-8DC6-30BC2D0432A2}.Debug|Any CPU.Build.0 = Debug|Any CPU
		{F86D9FD3-9598-4C96-8DC6-30BC2D0432A2}.Debug|x64.ActiveCfg = Debug|x64
		{F86D9FD3-9598-4C96-8DC6-30BC2D0432A2}.Debug|x64.Build.0 = Debug|x64
		{F86D9FD3-9598-4C96-8DC6-30BC2D0432A2}.Debug|x86.ActiveCfg = Debug|x86
		{F86D9FD3-9598-4C96-8DC6-30BC2D0432A2}.Debug|x86.Build.0 = Debug|x86
		{F86D9FD3-9598-4C96-8DC6-30BC2D0432A2}.Release|Any CPU.ActiveCfg = Release|Any CPU
		{F86D9FD3-9598-4C96-8DC6-30BC2D0432A2}.Release|Any CPU.Build.0 = Release|Any CPU
		{F86D9FD3-9598-4C96-8DC6-30BC2D0432A2}.Release|x64.ActiveCfg = Release|x64
		{F86D9FD3-9598-4C96-8DC6-30BC2D0432A2}.Release|x64.Build.0 = Release|x64
		{F86D9FD3-9598-4C96-8DC6-30BC2D0432A2}.Release|x86.ActiveCfg = Release|x86
		{F86D9FD3-9598-4C96-8DC6-30BC2D0432A2}.Release|x86.Build.0 = Release|x86
		{5A1CD782-E978-43AF-9B8A-2286B2B68398}.Debug|Any CPU.ActiveCfg = Debug|Any CPU
		{5A1CD782-E978-43AF-9B8A-2286B2B68398}.Debug|Any CPU.Build.0 = Debug|Any CPU
		{5A1CD782-E978-43AF-9B8A-2286B2B68398}.Debug|x64.ActiveCfg = Debug|x64
		{5A1CD782-E978-43AF-9B8A-2286B2B68398}.Debug|x64.Build.0 = Debug|x64
		{5A1CD782-E978-43AF-9B8A-2286B2B68398}.Debug|x86.ActiveCfg = Debug|x86
		{5A1CD782-E978-43AF-9B8A-2286B2B68398}.Debug|x86.Build.0 = Debug|x86
		{5A1CD782-E978-43AF-9B8A-2286B2B68398}.Release|Any CPU.ActiveCfg = Release|Any CPU
		{5A1CD782-E978-43AF-9B8A-2286B2B68398}.Release|Any CPU.Build.0 = Release|Any CPU
		{5A1CD782-E978-43AF-9B8A-2286B2B68398}.Release|x64.ActiveCfg = Release|x64
		{5A1CD782-E978-43AF-9B8A-2286B2B68398}.Release|x64.Build.0 = Release|x64
		{5A1CD782-E978-43AF-9B8A-2286B2B68398}.Release|x86.ActiveCfg = Release|x86
		{5A1CD782-E978-43AF-9B8A-2286B2B68398}.Release|x86.Build.0 = Release|x86
		{77F1DC87-005F-4C25-9F59-EA4647B831C8}.Debug|Any CPU.ActiveCfg = Debug|Any CPU
		{77F1DC87-005F-4C25-9F59-EA4647B831C8}.Debug|Any CPU.Build.0 = Debug|Any CPU
		{77F1DC87-005F-4C25-9F59-EA4647B831C8}.Debug|x64.ActiveCfg = Debug|x64
		{77F1DC87-005F-4C25-9F59-EA4647B831C8}.Debug|x64.Build.0 = Debug|x64
		{77F1DC87-005F-4C25-9F59-EA4647B831C8}.Debug|x86.ActiveCfg = Debug|x86
		{77F1DC87-005F-4C25-9F59-EA4647B831C8}.Debug|x86.Build.0 = Debug|x86
		{77F1DC87-005F-4C25-9F59-EA4647B831C8}.Release|Any CPU.ActiveCfg = Release|Any CPU
		{77F1DC87-005F-4C25-9F59-EA4647B831C8}.Release|Any CPU.Build.0 = Release|Any CPU
		{77F1DC87-005F-4C25-9F59-EA4647B831C8}.Release|x64.ActiveCfg = Release|x64
		{77F1DC87-005F-4C25-9F59-EA4647B831C8}.Release|x64.Build.0 = Release|x64
		{77F1DC87-005F-4C25-9F59-EA4647B831C8}.Release|x86.ActiveCfg = Release|x86
		{77F1DC87-005F-4C25-9F59-EA4647B831C8}.Release|x86.Build.0 = Release|x86
		{E5512864-005B-4D15-9D76-FE34F3455C30}.Debug|Any CPU.ActiveCfg = Debug|Any CPU
		{E5512864-005B-4D15-9D76-FE34F3455C30}.Debug|Any CPU.Build.0 = Debug|Any CPU
		{E5512864-005B-4D15-9D76-FE34F3455C30}.Debug|x64.ActiveCfg = Debug|x64
		{E5512864-005B-4D15-9D76-FE34F3455C30}.Debug|x64.Build.0 = Debug|x64
		{E5512864-005B-4D15-9D76-FE34F3455C30}.Debug|x86.ActiveCfg = Debug|x86
		{E5512864-005B-4D15-9D76-FE34F3455C30}.Debug|x86.Build.0 = Debug|x86
		{E5512864-005B-4D15-9D76-FE34F3455C30}.Release|Any CPU.ActiveCfg = Release|Any CPU
		{E5512864-005B-4D15-9D76-FE34F3455C30}.Release|Any CPU.Build.0 = Release|Any CPU
		{E5512864-005B-4D15-9D76-FE34F3455C30}.Release|x64.ActiveCfg = Release|x64
		{E5512864-005B-4D15-9D76-FE34F3455C30}.Release|x64.Build.0 = Release|x64
		{E5512864-005B-4D15-9D76-FE34F3455C30}.Release|x86.ActiveCfg = Release|x86
		{E5512864-005B-4D15-9D76-FE34F3455C30}.Release|x86.Build.0 = Release|x86
		{E9D449E1-2286-4924-84A5-1F28C37E87EF}.Debug|Any CPU.ActiveCfg = Debug|Any CPU
		{E9D449E1-2286-4924-84A5-1F28C37E87EF}.Debug|Any CPU.Build.0 = Debug|Any CPU
		{E9D449E1-2286-4924-84A5-1F28C37E87EF}.Debug|x64.ActiveCfg = Debug|x64
		{E9D449E1-2286-4924-84A5-1F28C37E87EF}.Debug|x64.Build.0 = Debug|x64
		{E9D449E1-2286-4924-84A5-1F28C37E87EF}.Debug|x86.ActiveCfg = Debug|x86
		{E9D449E1-2286-4924-84A5-1F28C37E87EF}.Debug|x86.Build.0 = Debug|x86
		{E9D449E1-2286-4924-84A5-1F28C37E87EF}.Release|Any CPU.ActiveCfg = Release|Any CPU
		{E9D449E1-2286-4924-84A5-1F28C37E87EF}.Release|Any CPU.Build.0 = Release|Any CPU
		{E9D449E1-2286-4924-84A5-1F28C37E87EF}.Release|x64.ActiveCfg = Release|x64
		{E9D449E1-2286-4924-84A5-1F28C37E87EF}.Release|x64.Build.0 = Release|x64
		{E9D449E1-2286-4924-84A5-1F28C37E87EF}.Release|x86.ActiveCfg = Release|x86
		{E9D449E1-2286-4924-84A5-1F28C37E87EF}.Release|x86.Build.0 = Release|x86
		{AD3DB68C-20DE-4CC6-BAE2-01CB842267B4}.Debug|Any CPU.ActiveCfg = Debug|Any CPU
		{AD3DB68C-20DE-4CC6-BAE2-01CB842267B4}.Debug|Any CPU.Build.0 = Debug|Any CPU
		{AD3DB68C-20DE-4CC6-BAE2-01CB842267B4}.Debug|x64.ActiveCfg = Debug|x64
		{AD3DB68C-20DE-4CC6-BAE2-01CB842267B4}.Debug|x64.Build.0 = Debug|x64
		{AD3DB68C-20DE-4CC6-BAE2-01CB842267B4}.Debug|x86.ActiveCfg = Debug|x86
		{AD3DB68C-20DE-4CC6-BAE2-01CB842267B4}.Debug|x86.Build.0 = Debug|x86
		{AD3DB68C-20DE-4CC6-BAE2-01CB842267B4}.Release|Any CPU.ActiveCfg = Release|Any CPU
		{AD3DB68C-20DE-4CC6-BAE2-01CB842267B4}.Release|Any CPU.Build.0 = Release|Any CPU
		{AD3DB68C-20DE-4CC6-BAE2-01CB842267B4}.Release|x64.ActiveCfg = Release|x64
		{AD3DB68C-20DE-4CC6-BAE2-01CB842267B4}.Release|x64.Build.0 = Release|x64
		{AD3DB68C-20DE-4CC6-BAE2-01CB842267B4}.Release|x86.ActiveCfg = Release|x86
		{AD3DB68C-20DE-4CC6-BAE2-01CB842267B4}.Release|x86.Build.0 = Release|x86
		{A09CE7CC-9E6A-4435-8BE6-6287E6C4A3F1}.Debug|Any CPU.ActiveCfg = Debug|Any CPU
		{A09CE7CC-9E6A-4435-8BE6-6287E6C4A3F1}.Debug|Any CPU.Build.0 = Debug|Any CPU
		{A09CE7CC-9E6A-4435-8BE6-6287E6C4A3F1}.Debug|x64.ActiveCfg = Debug|x64
		{A09CE7CC-9E6A-4435-8BE6-6287E6C4A3F1}.Debug|x64.Build.0 = Debug|x64
		{A09CE7CC-9E6A-4435-8BE6-6287E6C4A3F1}.Debug|x86.ActiveCfg = Debug|x86
		{A09CE7CC-9E6A-4435-8BE6-6287E6C4A3F1}.Debug|x86.Build.0 = Debug|x86
		{A09CE7CC-9E6A-4435-8BE6-6287E6C4A3F1}.Release|Any CPU.ActiveCfg = Release|Any CPU
		{A09CE7CC-9E6A-4435-8BE6-6287E6C4A3F1}.Release|Any CPU.Build.0 = Release|Any CPU
		{A09CE7CC-9E6A-4435-8BE6-6287E6C4A3F1}.Release|x64.ActiveCfg = Release|x64
		{A09CE7CC-9E6A-4435-8BE6-6287E6C4A3F1}.Release|x64.Build.0 = Release|x64
		{A09CE7CC-9E6A-4435-8BE6-6287E6C4A3F1}.Release|x86.ActiveCfg = Release|x86
		{A09CE7CC-9E6A-4435-8BE6-6287E6C4A3F1}.Release|x86.Build.0 = Release|x86
		{322A3FDB-BF87-42A4-AFA1-2D2632078D24}.Debug|Any CPU.ActiveCfg = Debug|Any CPU
		{322A3FDB-BF87-42A4-AFA1-2D2632078D24}.Debug|Any CPU.Build.0 = Debug|Any CPU
		{322A3FDB-BF87-42A4-AFA1-2D2632078D24}.Debug|x64.ActiveCfg = Debug|Any CPU
		{322A3FDB-BF87-42A4-AFA1-2D2632078D24}.Debug|x64.Build.0 = Debug|Any CPU
		{322A3FDB-BF87-42A4-AFA1-2D2632078D24}.Debug|x86.ActiveCfg = Debug|Any CPU
		{322A3FDB-BF87-42A4-AFA1-2D2632078D24}.Debug|x86.Build.0 = Debug|Any CPU
		{322A3FDB-BF87-42A4-AFA1-2D2632078D24}.Release|Any CPU.ActiveCfg = Release|Any CPU
		{322A3FDB-BF87-42A4-AFA1-2D2632078D24}.Release|Any CPU.Build.0 = Release|Any CPU
		{322A3FDB-BF87-42A4-AFA1-2D2632078D24}.Release|x64.ActiveCfg = Release|Any CPU
		{322A3FDB-BF87-42A4-AFA1-2D2632078D24}.Release|x64.Build.0 = Release|Any CPU
		{322A3FDB-BF87-42A4-AFA1-2D2632078D24}.Release|x86.ActiveCfg = Release|Any CPU
		{322A3FDB-BF87-42A4-AFA1-2D2632078D24}.Release|x86.Build.0 = Release|Any CPU
		{416B9A02-AC1D-4E69-940C-091467AA4087}.Debug|Any CPU.ActiveCfg = Debug|Any CPU
		{416B9A02-AC1D-4E69-940C-091467AA4087}.Debug|Any CPU.Build.0 = Debug|Any CPU
		{416B9A02-AC1D-4E69-940C-091467AA4087}.Debug|x64.ActiveCfg = Debug|Any CPU
		{416B9A02-AC1D-4E69-940C-091467AA4087}.Debug|x64.Build.0 = Debug|Any CPU
		{416B9A02-AC1D-4E69-940C-091467AA4087}.Debug|x86.ActiveCfg = Debug|Any CPU
		{416B9A02-AC1D-4E69-940C-091467AA4087}.Debug|x86.Build.0 = Debug|Any CPU
		{416B9A02-AC1D-4E69-940C-091467AA4087}.Release|Any CPU.ActiveCfg = Release|Any CPU
		{416B9A02-AC1D-4E69-940C-091467AA4087}.Release|Any CPU.Build.0 = Release|Any CPU
		{416B9A02-AC1D-4E69-940C-091467AA4087}.Release|x64.ActiveCfg = Release|Any CPU
		{416B9A02-AC1D-4E69-940C-091467AA4087}.Release|x64.Build.0 = Release|Any CPU
		{416B9A02-AC1D-4E69-940C-091467AA4087}.Release|x86.ActiveCfg = Release|Any CPU
		{416B9A02-AC1D-4E69-940C-091467AA4087}.Release|x86.Build.0 = Release|Any CPU
		{652D4D96-4EF1-4917-A515-B1E53477ADF9}.Debug|Any CPU.ActiveCfg = Debug|Any CPU
		{652D4D96-4EF1-4917-A515-B1E53477ADF9}.Debug|Any CPU.Build.0 = Debug|Any CPU
		{652D4D96-4EF1-4917-A515-B1E53477ADF9}.Debug|x64.ActiveCfg = Debug|Any CPU
		{652D4D96-4EF1-4917-A515-B1E53477ADF9}.Debug|x64.Build.0 = Debug|Any CPU
		{652D4D96-4EF1-4917-A515-B1E53477ADF9}.Debug|x86.ActiveCfg = Debug|Any CPU
		{652D4D96-4EF1-4917-A515-B1E53477ADF9}.Debug|x86.Build.0 = Debug|Any CPU
		{652D4D96-4EF1-4917-A515-B1E53477ADF9}.Release|Any CPU.ActiveCfg = Release|Any CPU
		{652D4D96-4EF1-4917-A515-B1E53477ADF9}.Release|Any CPU.Build.0 = Release|Any CPU
		{652D4D96-4EF1-4917-A515-B1E53477ADF9}.Release|x64.ActiveCfg = Release|Any CPU
		{652D4D96-4EF1-4917-A515-B1E53477ADF9}.Release|x64.Build.0 = Release|Any CPU
		{652D4D96-4EF1-4917-A515-B1E53477ADF9}.Release|x86.ActiveCfg = Release|Any CPU
		{652D4D96-4EF1-4917-A515-B1E53477ADF9}.Release|x86.Build.0 = Release|Any CPU
		{3B2875F6-05A6-407B-8C47-19D9B316FFC6}.Debug|Any CPU.ActiveCfg = Debug|Any CPU
		{3B2875F6-05A6-407B-8C47-19D9B316FFC6}.Debug|Any CPU.Build.0 = Debug|Any CPU
		{3B2875F6-05A6-407B-8C47-19D9B316FFC6}.Debug|x64.ActiveCfg = Debug|Any CPU
		{3B2875F6-05A6-407B-8C47-19D9B316FFC6}.Debug|x64.Build.0 = Debug|Any CPU
		{3B2875F6-05A6-407B-8C47-19D9B316FFC6}.Debug|x86.ActiveCfg = Debug|Any CPU
		{3B2875F6-05A6-407B-8C47-19D9B316FFC6}.Debug|x86.Build.0 = Debug|Any CPU
		{3B2875F6-05A6-407B-8C47-19D9B316FFC6}.Release|Any CPU.ActiveCfg = Release|Any CPU
		{3B2875F6-05A6-407B-8C47-19D9B316FFC6}.Release|Any CPU.Build.0 = Release|Any CPU
		{3B2875F6-05A6-407B-8C47-19D9B316FFC6}.Release|x64.ActiveCfg = Release|Any CPU
		{3B2875F6-05A6-407B-8C47-19D9B316FFC6}.Release|x64.Build.0 = Release|Any CPU
		{3B2875F6-05A6-407B-8C47-19D9B316FFC6}.Release|x86.ActiveCfg = Release|Any CPU
		{3B2875F6-05A6-407B-8C47-19D9B316FFC6}.Release|x86.Build.0 = Release|Any CPU
		{7745FD6F-1657-4DF3-8343-FCE442059984}.Debug|Any CPU.ActiveCfg = Debug|Any CPU
		{7745FD6F-1657-4DF3-8343-FCE442059984}.Debug|Any CPU.Build.0 = Debug|Any CPU
		{7745FD6F-1657-4DF3-8343-FCE442059984}.Debug|x64.ActiveCfg = Debug|Any CPU
		{7745FD6F-1657-4DF3-8343-FCE442059984}.Debug|x64.Build.0 = Debug|Any CPU
		{7745FD6F-1657-4DF3-8343-FCE442059984}.Debug|x86.ActiveCfg = Debug|Any CPU
		{7745FD6F-1657-4DF3-8343-FCE442059984}.Debug|x86.Build.0 = Debug|Any CPU
		{7745FD6F-1657-4DF3-8343-FCE442059984}.Release|Any CPU.ActiveCfg = Release|Any CPU
		{7745FD6F-1657-4DF3-8343-FCE442059984}.Release|Any CPU.Build.0 = Release|Any CPU
		{7745FD6F-1657-4DF3-8343-FCE442059984}.Release|x64.ActiveCfg = Release|Any CPU
		{7745FD6F-1657-4DF3-8343-FCE442059984}.Release|x64.Build.0 = Release|Any CPU
		{7745FD6F-1657-4DF3-8343-FCE442059984}.Release|x86.ActiveCfg = Release|Any CPU
		{7745FD6F-1657-4DF3-8343-FCE442059984}.Release|x86.Build.0 = Release|Any CPU
	EndGlobalSection
	GlobalSection(NestedProjects) = preSolution
		{7EE6790F-3080-4F06-BD98-F6554F05AD36} = {00A09AEA-44B0-4993-BD02-EC95A1F25D79}
		{A297B0C2-9987-4C73-8C76-0E77EA8B646D} = {00A09AEA-44B0-4993-BD02-EC95A1F25D79}
		{8966D29A-F9C8-4382-93EA-8F295C8D9D31} = {00A09AEA-44B0-4993-BD02-EC95A1F25D79}
		{9C7BDD9B-CE14-4FE1-ADE0-18FE7AE0251E} = {00A09AEA-44B0-4993-BD02-EC95A1F25D79}
		{CBA83740-4BB0-46FD-BDE8-04169F2CD593} = {00A09AEA-44B0-4993-BD02-EC95A1F25D79}
		{A2C997D7-38FA-4127-A06F-DCE03DC4B0BF} = {00A09AEA-44B0-4993-BD02-EC95A1F25D79}
		{3E14915E-3307-4B56-866C-8EDF72F2B507} = {00A09AEA-44B0-4993-BD02-EC95A1F25D79}
		{C01B5235-0B27-465D-9CAB-DEB04AF697CE} = {00A09AEA-44B0-4993-BD02-EC95A1F25D79}
		{F86D9FD3-9598-4C96-8DC6-30BC2D0432A2} = {00A09AEA-44B0-4993-BD02-EC95A1F25D79}
		{5A1CD782-E978-43AF-9B8A-2286B2B68398} = {00A09AEA-44B0-4993-BD02-EC95A1F25D79}
		{77F1DC87-005F-4C25-9F59-EA4647B831C8} = {00A09AEA-44B0-4993-BD02-EC95A1F25D79}
		{E5512864-005B-4D15-9D76-FE34F3455C30} = {00A09AEA-44B0-4993-BD02-EC95A1F25D79}
		{E9D449E1-2286-4924-84A5-1F28C37E87EF} = {00A09AEA-44B0-4993-BD02-EC95A1F25D79}
		{AD3DB68C-20DE-4CC6-BAE2-01CB842267B4} = {42EF46B9-2064-467D-8C09-1C2B067F3C73}
		{A09CE7CC-9E6A-4435-8BE6-6287E6C4A3F1} = {00A09AEA-44B0-4993-BD02-EC95A1F25D79}
		{322A3FDB-BF87-42A4-AFA1-2D2632078D24} = {00A09AEA-44B0-4993-BD02-EC95A1F25D79}
		{416B9A02-AC1D-4E69-940C-091467AA4087} = {00A09AEA-44B0-4993-BD02-EC95A1F25D79}
		{652D4D96-4EF1-4917-A515-B1E53477ADF9} = {00A09AEA-44B0-4993-BD02-EC95A1F25D79}
		{3B2875F6-05A6-407B-8C47-19D9B316FFC6} = {00A09AEA-44B0-4993-BD02-EC95A1F25D79}
		{7745FD6F-1657-4DF3-8343-FCE442059984} = {00A09AEA-44B0-4993-BD02-EC95A1F25D79}
	EndGlobalSection
EndGlobal
