
Microsoft Visual Studio Solution File, Format Version 12.00
# Visual Studio 15
VisualStudioVersion = 15.0.26124.0
MinimumVisualStudioVersion = 15.0.26124.0
Project("{2150E333-8FDC-42A3-9474-1A3956D46DE8}") = "src", "src", "{00A09AEA-44B0-4993-BD02-EC95A1F25D79}"
EndProject
Project("{FAE04EC0-301F-11D3-BF4B-00C04F79EFBC}") = "DammitBot.Console", "src\DammitBot.Console\DammitBot.Console.csproj", "{7EE6790F-3080-4F06-BD98-F6554F05AD36}"
EndProject
Project("{FAE04EC0-301F-11D3-BF4B-00C04F79EFBC}") = "DammitBot.Core", "src\DammitBot.Core\DammitBot.Core.csproj", "{A297B0C2-9987-4C73-8C76-0E77EA8B646D}"
EndProject
Project("{FAE04EC0-301F-11D3-BF4B-00C04F79EFBC}") = "DammitBot.Plugins.Protocols.Irc", "src\DammitBot.Plugins.Protocols.Irc\DammitBot.Plugins.Protocols.Irc.csproj", "{8966D29A-F9C8-4382-93EA-8F295C8D9D31}"
EndProject
Global
	GlobalSection(SolutionConfigurationPlatforms) = preSolution
		Debug|Any CPU = Debug|Any CPU
		Debug|x64 = Debug|x64
		Debug|x86 = Debug|x86
		Release|Any CPU = Release|Any CPU
		Release|x64 = Release|x64
		Release|x86 = Release|x86
	EndGlobalSection
	GlobalSection(SolutionProperties) = preSolution
		HideSolutionNode = FALSE
	EndGlobalSection
	GlobalSection(ProjectConfigurationPlatforms) = postSolution
		{7EE6790F-3080-4F06-BD98-F6554F05AD36}.Debug|Any CPU.ActiveCfg = Debug|Any CPU
		{7EE6790F-3080-4F06-BD98-F6554F05AD36}.Debug|Any CPU.Build.0 = Debug|Any CPU
		{7EE6790F-3080-4F06-BD98-F6554F05AD36}.Debug|x64.ActiveCfg = Debug|x64
		{7EE6790F-3080-4F06-BD98-F6554F05AD36}.Debug|x64.Build.0 = Debug|x64
		{7EE6790F-3080-4F06-BD98-F6554F05AD36}.Debug|x86.ActiveCfg = Debug|x86
		{7EE6790F-3080-4F06-BD98-F6554F05AD36}.Debug|x86.Build.0 = Debug|x86
		{7EE6790F-3080-4F06-BD98-F6554F05AD36}.Release|Any CPU.ActiveCfg = Release|Any CPU
		{7EE6790F-3080-4F06-BD98-F6554F05AD36}.Release|Any CPU.Build.0 = Release|Any CPU
		{7EE6790F-3080-4F06-BD98-F6554F05AD36}.Release|x64.ActiveCfg = Release|x64
		{7EE6790F-3080-4F06-BD98-F6554F05AD36}.Release|x64.Build.0 = Release|x64
		{7EE6790F-3080-4F06-BD98-F6554F05AD36}.Release|x86.ActiveCfg = Release|x86
		{7EE6790F-3080-4F06-BD98-F6554F05AD36}.Release|x86.Build.0 = Release|x86
		{A297B0C2-9987-4C73-8C76-0E77EA8B646D}.Debug|Any CPU.ActiveCfg = Debug|Any CPU
		{A297B0C2-9987-4C73-8C76-0E77EA8B646D}.Debug|Any CPU.Build.0 = Debug|Any CPU
		{A297B0C2-9987-4C73-8C76-0E77EA8B646D}.Debug|x64.ActiveCfg = Debug|x64
		{A297B0C2-9987-4C73-8C76-0E77EA8B646D}.Debug|x64.Build.0 = Debug|x64
		{A297B0C2-9987-4C73-8C76-0E77EA8B646D}.Debug|x86.ActiveCfg = Debug|x86
		{A297B0C2-9987-4C73-8C76-0E77EA8B646D}.Debug|x86.Build.0 = Debug|x86
		{A297B0C2-9987-4C73-8C76-0E77EA8B646D}.Release|Any CPU.ActiveCfg = Release|Any CPU
		{A297B0C2-9987-4C73-8C76-0E77EA8B646D}.Release|Any CPU.Build.0 = Release|Any CPU
		{A297B0C2-9987-4C73-8C76-0E77EA8B646D}.Release|x64.ActiveCfg = Release|x64
		{A297B0C2-9987-4C73-8C76-0E77EA8B646D}.Release|x64.Build.0 = Release|x64
		{A297B0C2-9987-4C73-8C76-0E77EA8B646D}.Release|x86.ActiveCfg = Release|x86
		{A297B0C2-9987-4C73-8C76-0E77EA8B646D}.Release|x86.Build.0 = Release|x86
		{8966D29A-F9C8-4382-93EA-8F295C8D9D31}.Debug|Any CPU.ActiveCfg = Debug|Any CPU
		{8966D29A-F9C8-4382-93EA-8F295C8D9D31}.Debug|Any CPU.Build.0 = Debug|Any CPU
		{8966D29A-F9C8-4382-93EA-8F295C8D9D31}.Debug|x64.ActiveCfg = Debug|x64
		{8966D29A-F9C8-4382-93EA-8F295C8D9D31}.Debug|x64.Build.0 = Debug|x64
		{8966D29A-F9C8-4382-93EA-8F295C8D9D31}.Debug|x86.ActiveCfg = Debug|x86
		{8966D29A-F9C8-4382-93EA-8F295C8D9D31}.Debug|x86.Build.0 = Debug|x86
		{8966D29A-F9C8-4382-93EA-8F295C8D9D31}.Release|Any CPU.ActiveCfg = Release|Any CPU
		{8966D29A-F9C8-4382-93EA-8F295C8D9D31}.Release|Any CPU.Build.0 = Release|Any CPU
		{8966D29A-F9C8-4382-93EA-8F295C8D9D31}.Release|x64.ActiveCfg = Release|x64
		{8966D29A-F9C8-4382-93EA-8F295C8D9D31}.Release|x64.Build.0 = Release|x64
		{8966D29A-F9C8-4382-93EA-8F295C8D9D31}.Release|x86.ActiveCfg = Release|x86
		{8966D29A-F9C8-4382-93EA-8F295C8D9D31}.Release|x86.Build.0 = Release|x86
	EndGlobalSection
	GlobalSection(NestedProjects) = preSolution
		{7EE6790F-3080-4F06-BD98-F6554F05AD36} = {00A09AEA-44B0-4993-BD02-EC95A1F25D79}
		{A297B0C2-9987-4C73-8C76-0E77EA8B646D} = {00A09AEA-44B0-4993-BD02-EC95A1F25D79}
		{8966D29A-F9C8-4382-93EA-8F295C8D9D31} = {00A09AEA-44B0-4993-BD02-EC95A1F25D79}
	EndGlobalSection
EndGlobal
